
Microsoft Visual Studio Solution File, Format Version 12.00
# Visual Studio 15
VisualStudioVersion = 15.0.28010.2050
MinimumVisualStudioVersion = 10.0.40219.1
Project("{FAE04EC0-301F-11D3-BF4B-00C04F79EFBC}") = "CalumBSUAttempt2", "CalumBSUAttempt2\CalumBSUAttempt2.csproj", "{37161C6B-1C0D-40AC-ABCB-D2D98ED74365}"
EndProject
Project("{FAE04EC0-301F-11D3-BF4B-00C04F79EFBC}") = "CalumBSUAttempt2.Tests", "CalumBSUAttempt2.Tests\CalumBSUAttempt2.Tests.csproj", "{62357233-EC9A-402E-AAF9-811BAD78B851}"
EndProject
Global
	GlobalSection(SolutionConfigurationPlatforms) = preSolution
		Debug|Any CPU = Debug|Any CPU
		Release|Any CPU = Release|Any CPU
	EndGlobalSection
	GlobalSection(ProjectConfigurationPlatforms) = postSolution
		{37161C6B-1C0D-40AC-ABCB-D2D98ED74365}.Debug|Any CPU.ActiveCfg = Debug|Any CPU
		{37161C6B-1C0D-40AC-ABCB-D2D98ED74365}.Debug|Any CPU.Build.0 = Debug|Any CPU
		{37161C6B-1C0D-40AC-ABCB-D2D98ED74365}.Release|Any CPU.ActiveCfg = Release|Any CPU
		{37161C6B-1C0D-40AC-ABCB-D2D98ED74365}.Release|Any CPU.Build.0 = Release|Any CPU
		{62357233-EC9A-402E-AAF9-811BAD78B851}.Debug|Any CPU.ActiveCfg = Debug|Any CPU
		{62357233-EC9A-402E-AAF9-811BAD78B851}.Debug|Any CPU.Build.0 = Debug|Any CPU
		{62357233-EC9A-402E-AAF9-811BAD78B851}.Release|Any CPU.ActiveCfg = Release|Any CPU
		{62357233-EC9A-402E-AAF9-811BAD78B851}.Release|Any CPU.Build.0 = Release|Any CPU
	EndGlobalSection
	GlobalSection(SolutionProperties) = preSolution
		HideSolutionNode = FALSE
	EndGlobalSection
	GlobalSection(ExtensibilityGlobals) = postSolution
		SolutionGuid = {A808EFCD-17A5-453F-95C0-337A50C6F0BC}
	EndGlobalSection
EndGlobal
